// !$*UTF8*$!
{
	archiveVersion = 1;
	classes = {
	};
	objectVersion = 51;
	objects = {

/* Begin PBXBuildFile section */
		A64F1BF0377BA7DF2BA35876 /* Pods_CoronaGraphTests.framework in Frameworks */ = {isa = PBXBuildFile; fileRef = C35C5088E0856AC5CE302D46 /* Pods_CoronaGraphTests.framework */; };
		B96E0184121EF5E45B5B2089 /* Pods_CoronaGraph.framework in Frameworks */ = {isa = PBXBuildFile; fileRef = ADEDEB1006A8484E8E34AC9F /* Pods_CoronaGraph.framework */; };
		F44D10CFC16CF746C2A0C2D7 /* Pods_CoronaGraph_CoronaGraphUITests.framework in Frameworks */ = {isa = PBXBuildFile; fileRef = 365F45A130B5A357E32E1307 /* Pods_CoronaGraph_CoronaGraphUITests.framework */; };
		FE163E4324FF9EF7006D3D73 /* AppDelegate.swift in Sources */ = {isa = PBXBuildFile; fileRef = FE163E4224FF9EF7006D3D73 /* AppDelegate.swift */; };
		FE163E4524FF9EF7006D3D73 /* SceneDelegate.swift in Sources */ = {isa = PBXBuildFile; fileRef = FE163E4424FF9EF7006D3D73 /* SceneDelegate.swift */; };
		FE163E4724FF9EF7006D3D73 /* ViewController.swift in Sources */ = {isa = PBXBuildFile; fileRef = FE163E4624FF9EF7006D3D73 /* ViewController.swift */; };
		FE163E4A24FF9EF7006D3D73 /* Main.storyboard in Resources */ = {isa = PBXBuildFile; fileRef = FE163E4824FF9EF7006D3D73 /* Main.storyboard */; };
		FE163E4C24FF9EF8006D3D73 /* Assets.xcassets in Resources */ = {isa = PBXBuildFile; fileRef = FE163E4B24FF9EF8006D3D73 /* Assets.xcassets */; };
		FE163E4F24FF9EF8006D3D73 /* LaunchScreen.storyboard in Resources */ = {isa = PBXBuildFile; fileRef = FE163E4D24FF9EF8006D3D73 /* LaunchScreen.storyboard */; };
		FE163E5A24FF9EF8006D3D73 /* CoronaGraphTests.swift in Sources */ = {isa = PBXBuildFile; fileRef = FE163E5924FF9EF8006D3D73 /* CoronaGraphTests.swift */; };
		FE163E6524FF9EF8006D3D73 /* CoronaGraphUITests.swift in Sources */ = {isa = PBXBuildFile; fileRef = FE163E6424FF9EF8006D3D73 /* CoronaGraphUITests.swift */; };
		FE163E7324FFA6F6006D3D73 /* CoronaData.swift in Sources */ = {isa = PBXBuildFile; fileRef = FE163E7224FFA6F6006D3D73 /* CoronaData.swift */; };
/* End PBXBuildFile section */

/* Begin PBXContainerItemProxy section */
		FE163E5624FF9EF8006D3D73 /* PBXContainerItemProxy */ = {
			isa = PBXContainerItemProxy;
			containerPortal = FE163E3724FF9EF7006D3D73 /* Project object */;
			proxyType = 1;
			remoteGlobalIDString = FE163E3E24FF9EF7006D3D73;
			remoteInfo = CoronaGraph;
		};
		FE163E6124FF9EF8006D3D73 /* PBXContainerItemProxy */ = {
			isa = PBXContainerItemProxy;
			containerPortal = FE163E3724FF9EF7006D3D73 /* Project object */;
			proxyType = 1;
			remoteGlobalIDString = FE163E3E24FF9EF7006D3D73;
			remoteInfo = CoronaGraph;
		};
/* End PBXContainerItemProxy section */

/* Begin PBXFileReference section */
		34401C80866AB494779B11E1 /* Pods-CoronaGraph-CoronaGraphUITests.release.xcconfig */ = {isa = PBXFileReference; includeInIndex = 1; lastKnownFileType = text.xcconfig; name = "Pods-CoronaGraph-CoronaGraphUITests.release.xcconfig"; path = "Target Support Files/Pods-CoronaGraph-CoronaGraphUITests/Pods-CoronaGraph-CoronaGraphUITests.release.xcconfig"; sourceTree = "<group>"; };
		365F45A130B5A357E32E1307 /* Pods_CoronaGraph_CoronaGraphUITests.framework */ = {isa = PBXFileReference; explicitFileType = wrapper.framework; includeInIndex = 0; path = Pods_CoronaGraph_CoronaGraphUITests.framework; sourceTree = BUILT_PRODUCTS_DIR; };
		3AB66FF392D03E0D95D6B129 /* Pods-CoronaGraph-CoronaGraphUITests.debug.xcconfig */ = {isa = PBXFileReference; includeInIndex = 1; lastKnownFileType = text.xcconfig; name = "Pods-CoronaGraph-CoronaGraphUITests.debug.xcconfig"; path = "Target Support Files/Pods-CoronaGraph-CoronaGraphUITests/Pods-CoronaGraph-CoronaGraphUITests.debug.xcconfig"; sourceTree = "<group>"; };
		A81C18EE0748B71C9A0052E6 /* Pods-CoronaGraphTests.debug.xcconfig */ = {isa = PBXFileReference; includeInIndex = 1; lastKnownFileType = text.xcconfig; name = "Pods-CoronaGraphTests.debug.xcconfig"; path = "Target Support Files/Pods-CoronaGraphTests/Pods-CoronaGraphTests.debug.xcconfig"; sourceTree = "<group>"; };
		ADEDEB1006A8484E8E34AC9F /* Pods_CoronaGraph.framework */ = {isa = PBXFileReference; explicitFileType = wrapper.framework; includeInIndex = 0; path = Pods_CoronaGraph.framework; sourceTree = BUILT_PRODUCTS_DIR; };
		C35C5088E0856AC5CE302D46 /* Pods_CoronaGraphTests.framework */ = {isa = PBXFileReference; explicitFileType = wrapper.framework; includeInIndex = 0; path = Pods_CoronaGraphTests.framework; sourceTree = BUILT_PRODUCTS_DIR; };
		C622CEA08FA6C20C444DD2E5 /* Pods-CoronaGraph.debug.xcconfig */ = {isa = PBXFileReference; includeInIndex = 1; lastKnownFileType = text.xcconfig; name = "Pods-CoronaGraph.debug.xcconfig"; path = "Target Support Files/Pods-CoronaGraph/Pods-CoronaGraph.debug.xcconfig"; sourceTree = "<group>"; };
		D728AE24418CDE4015333B04 /* Pods-CoronaGraph.release.xcconfig */ = {isa = PBXFileReference; includeInIndex = 1; lastKnownFileType = text.xcconfig; name = "Pods-CoronaGraph.release.xcconfig"; path = "Target Support Files/Pods-CoronaGraph/Pods-CoronaGraph.release.xcconfig"; sourceTree = "<group>"; };
		F962AB2423C1232346CCC1DB /* Pods-CoronaGraphTests.release.xcconfig */ = {isa = PBXFileReference; includeInIndex = 1; lastKnownFileType = text.xcconfig; name = "Pods-CoronaGraphTests.release.xcconfig"; path = "Target Support Files/Pods-CoronaGraphTests/Pods-CoronaGraphTests.release.xcconfig"; sourceTree = "<group>"; };
		FE163E3F24FF9EF7006D3D73 /* CoronaGraph.app */ = {isa = PBXFileReference; explicitFileType = wrapper.application; includeInIndex = 0; path = CoronaGraph.app; sourceTree = BUILT_PRODUCTS_DIR; };
		FE163E4224FF9EF7006D3D73 /* AppDelegate.swift */ = {isa = PBXFileReference; lastKnownFileType = sourcecode.swift; path = AppDelegate.swift; sourceTree = "<group>"; };
		FE163E4424FF9EF7006D3D73 /* SceneDelegate.swift */ = {isa = PBXFileReference; lastKnownFileType = sourcecode.swift; path = SceneDelegate.swift; sourceTree = "<group>"; };
		FE163E4624FF9EF7006D3D73 /* ViewController.swift */ = {isa = PBXFileReference; lastKnownFileType = sourcecode.swift; path = ViewController.swift; sourceTree = "<group>"; };
		FE163E4924FF9EF7006D3D73 /* Base */ = {isa = PBXFileReference; lastKnownFileType = file.storyboard; name = Base; path = Base.lproj/Main.storyboard; sourceTree = "<group>"; };
		FE163E4B24FF9EF8006D3D73 /* Assets.xcassets */ = {isa = PBXFileReference; lastKnownFileType = folder.assetcatalog; path = Assets.xcassets; sourceTree = "<group>"; };
		FE163E4E24FF9EF8006D3D73 /* Base */ = {isa = PBXFileReference; lastKnownFileType = file.storyboard; name = Base; path = Base.lproj/LaunchScreen.storyboard; sourceTree = "<group>"; };
		FE163E5024FF9EF8006D3D73 /* Info.plist */ = {isa = PBXFileReference; lastKnownFileType = text.plist.xml; path = Info.plist; sourceTree = "<group>"; };
		FE163E5524FF9EF8006D3D73 /* CoronaGraphTests.xctest */ = {isa = PBXFileReference; explicitFileType = wrapper.cfbundle; includeInIndex = 0; path = CoronaGraphTests.xctest; sourceTree = BUILT_PRODUCTS_DIR; };
		FE163E5924FF9EF8006D3D73 /* CoronaGraphTests.swift */ = {isa = PBXFileReference; lastKnownFileType = sourcecode.swift; path = CoronaGraphTests.swift; sourceTree = "<group>"; };
		FE163E5B24FF9EF8006D3D73 /* Info.plist */ = {isa = PBXFileReference; lastKnownFileType = text.plist.xml; path = Info.plist; sourceTree = "<group>"; };
		FE163E6024FF9EF8006D3D73 /* CoronaGraphUITests.xctest */ = {isa = PBXFileReference; explicitFileType = wrapper.cfbundle; includeInIndex = 0; path = CoronaGraphUITests.xctest; sourceTree = BUILT_PRODUCTS_DIR; };
		FE163E6424FF9EF8006D3D73 /* CoronaGraphUITests.swift */ = {isa = PBXFileReference; lastKnownFileType = sourcecode.swift; path = CoronaGraphUITests.swift; sourceTree = "<group>"; };
		FE163E6624FF9EF8006D3D73 /* Info.plist */ = {isa = PBXFileReference; lastKnownFileType = text.plist.xml; path = Info.plist; sourceTree = "<group>"; };
		FE163E7224FFA6F6006D3D73 /* CoronaData.swift */ = {isa = PBXFileReference; lastKnownFileType = sourcecode.swift; path = CoronaData.swift; sourceTree = "<group>"; };
/* End PBXFileReference section */

/* Begin PBXFrameworksBuildPhase section */
		FE163E3C24FF9EF7006D3D73 /* Frameworks */ = {
			isa = PBXFrameworksBuildPhase;
			buildActionMask = 2147483647;
			files = (
				B96E0184121EF5E45B5B2089 /* Pods_CoronaGraph.framework in Frameworks */,
			);
			runOnlyForDeploymentPostprocessing = 0;
		};
		FE163E5224FF9EF8006D3D73 /* Frameworks */ = {
			isa = PBXFrameworksBuildPhase;
			buildActionMask = 2147483647;
			files = (
				A64F1BF0377BA7DF2BA35876 /* Pods_CoronaGraphTests.framework in Frameworks */,
			);
			runOnlyForDeploymentPostprocessing = 0;
		};
		FE163E5D24FF9EF8006D3D73 /* Frameworks */ = {
			isa = PBXFrameworksBuildPhase;
			buildActionMask = 2147483647;
			files = (
				F44D10CFC16CF746C2A0C2D7 /* Pods_CoronaGraph_CoronaGraphUITests.framework in Frameworks */,
			);
			runOnlyForDeploymentPostprocessing = 0;
		};
/* End PBXFrameworksBuildPhase section */

/* Begin PBXGroup section */
		1FB57BEBD9A6745AB04FD4B3 /* Frameworks */ = {
			isa = PBXGroup;
			children = (
				ADEDEB1006A8484E8E34AC9F /* Pods_CoronaGraph.framework */,
				365F45A130B5A357E32E1307 /* Pods_CoronaGraph_CoronaGraphUITests.framework */,
				C35C5088E0856AC5CE302D46 /* Pods_CoronaGraphTests.framework */,
			);
			name = Frameworks;
			sourceTree = "<group>";
		};
		9FF5325BD98724FCBB063ACC /* Pods */ = {
			isa = PBXGroup;
			children = (
				C622CEA08FA6C20C444DD2E5 /* Pods-CoronaGraph.debug.xcconfig */,
				D728AE24418CDE4015333B04 /* Pods-CoronaGraph.release.xcconfig */,
				3AB66FF392D03E0D95D6B129 /* Pods-CoronaGraph-CoronaGraphUITests.debug.xcconfig */,
				34401C80866AB494779B11E1 /* Pods-CoronaGraph-CoronaGraphUITests.release.xcconfig */,
				A81C18EE0748B71C9A0052E6 /* Pods-CoronaGraphTests.debug.xcconfig */,
				F962AB2423C1232346CCC1DB /* Pods-CoronaGraphTests.release.xcconfig */,
			);
			path = Pods;
			sourceTree = "<group>";
		};
		FE163E3624FF9EF7006D3D73 = {
			isa = PBXGroup;
			children = (
				FE163E4124FF9EF7006D3D73 /* CoronaGraph */,
				FE163E5824FF9EF8006D3D73 /* CoronaGraphTests */,
				FE163E6324FF9EF8006D3D73 /* CoronaGraphUITests */,
				FE163E4024FF9EF7006D3D73 /* Products */,
				9FF5325BD98724FCBB063ACC /* Pods */,
				1FB57BEBD9A6745AB04FD4B3 /* Frameworks */,
			);
			sourceTree = "<group>";
		};
		FE163E4024FF9EF7006D3D73 /* Products */ = {
			isa = PBXGroup;
			children = (
				FE163E3F24FF9EF7006D3D73 /* CoronaGraph.app */,
				FE163E5524FF9EF8006D3D73 /* CoronaGraphTests.xctest */,
				FE163E6024FF9EF8006D3D73 /* CoronaGraphUITests.xctest */,
			);
			name = Products;
			sourceTree = "<group>";
		};
		FE163E4124FF9EF7006D3D73 /* CoronaGraph */ = {
			isa = PBXGroup;
			children = (
				FE163E4224FF9EF7006D3D73 /* AppDelegate.swift */,
				FE163E4424FF9EF7006D3D73 /* SceneDelegate.swift */,
				FE163E4624FF9EF7006D3D73 /* ViewController.swift */,
				FE163E7224FFA6F6006D3D73 /* CoronaData.swift */,
				FE163E4824FF9EF7006D3D73 /* Main.storyboard */,
				FE163E4B24FF9EF8006D3D73 /* Assets.xcassets */,
				FE163E4D24FF9EF8006D3D73 /* LaunchScreen.storyboard */,
				FE163E5024FF9EF8006D3D73 /* Info.plist */,
			);
			path = CoronaGraph;
			sourceTree = "<group>";
		};
		FE163E5824FF9EF8006D3D73 /* CoronaGraphTests */ = {
			isa = PBXGroup;
			children = (
				FE163E5924FF9EF8006D3D73 /* CoronaGraphTests.swift */,
				FE163E5B24FF9EF8006D3D73 /* Info.plist */,
			);
			path = CoronaGraphTests;
			sourceTree = "<group>";
		};
		FE163E6324FF9EF8006D3D73 /* CoronaGraphUITests */ = {
			isa = PBXGroup;
			children = (
				FE163E6424FF9EF8006D3D73 /* CoronaGraphUITests.swift */,
				FE163E6624FF9EF8006D3D73 /* Info.plist */,
			);
			path = CoronaGraphUITests;
			sourceTree = "<group>";
		};
/* End PBXGroup section */

/* Begin PBXNativeTarget section */
		FE163E3E24FF9EF7006D3D73 /* CoronaGraph */ = {
			isa = PBXNativeTarget;
			buildConfigurationList = FE163E6924FF9EF8006D3D73 /* Build configuration list for PBXNativeTarget "CoronaGraph" */;
			buildPhases = (
				C5E43C7963DB0EC350F3BEED /* [CP] Check Pods Manifest.lock */,
				FE163E3B24FF9EF7006D3D73 /* Sources */,
				FE163E3C24FF9EF7006D3D73 /* Frameworks */,
				FE163E3D24FF9EF7006D3D73 /* Resources */,
				36A281F208342A4130E1837E /* [CP] Embed Pods Frameworks */,
			);
			buildRules = (
			);
			dependencies = (
			);
			name = CoronaGraph;
			productName = CoronaGraph;
			productReference = FE163E3F24FF9EF7006D3D73 /* CoronaGraph.app */;
			productType = "com.apple.product-type.application";
		};
		FE163E5424FF9EF8006D3D73 /* CoronaGraphTests */ = {
			isa = PBXNativeTarget;
			buildConfigurationList = FE163E6C24FF9EF8006D3D73 /* Build configuration list for PBXNativeTarget "CoronaGraphTests" */;
			buildPhases = (
				A758BD3434B5274E02943B9F /* [CP] Check Pods Manifest.lock */,
				FE163E5124FF9EF8006D3D73 /* Sources */,
				FE163E5224FF9EF8006D3D73 /* Frameworks */,
				FE163E5324FF9EF8006D3D73 /* Resources */,
			);
			buildRules = (
			);
			dependencies = (
				FE163E5724FF9EF8006D3D73 /* PBXTargetDependency */,
			);
			name = CoronaGraphTests;
			productName = CoronaGraphTests;
			productReference = FE163E5524FF9EF8006D3D73 /* CoronaGraphTests.xctest */;
			productType = "com.apple.product-type.bundle.unit-test";
		};
		FE163E5F24FF9EF8006D3D73 /* CoronaGraphUITests */ = {
			isa = PBXNativeTarget;
			buildConfigurationList = FE163E6F24FF9EF8006D3D73 /* Build configuration list for PBXNativeTarget "CoronaGraphUITests" */;
			buildPhases = (
				8261A1B0A2FF8B2AD00172E9 /* [CP] Check Pods Manifest.lock */,
				FE163E5C24FF9EF8006D3D73 /* Sources */,
				FE163E5D24FF9EF8006D3D73 /* Frameworks */,
				FE163E5E24FF9EF8006D3D73 /* Resources */,
				868C4511D9F02782508F8E4C /* [CP] Embed Pods Frameworks */,
			);
			buildRules = (
			);
			dependencies = (
				FE163E6224FF9EF8006D3D73 /* PBXTargetDependency */,
			);
			name = CoronaGraphUITests;
			productName = CoronaGraphUITests;
			productReference = FE163E6024FF9EF8006D3D73 /* CoronaGraphUITests.xctest */;
			productType = "com.apple.product-type.bundle.ui-testing";
		};
/* End PBXNativeTarget section */

/* Begin PBXProject section */
		FE163E3724FF9EF7006D3D73 /* Project object */ = {
			isa = PBXProject;
			attributes = {
				LastSwiftUpdateCheck = 1110;
				LastUpgradeCheck = 1110;
				ORGANIZATIONNAME = "Esther Shin";
				TargetAttributes = {
					FE163E3E24FF9EF7006D3D73 = {
						CreatedOnToolsVersion = 11.1;
					};
					FE163E5424FF9EF8006D3D73 = {
						CreatedOnToolsVersion = 11.1;
						TestTargetID = FE163E3E24FF9EF7006D3D73;
					};
					FE163E5F24FF9EF8006D3D73 = {
						CreatedOnToolsVersion = 11.1;
						TestTargetID = FE163E3E24FF9EF7006D3D73;
					};
				};
			};
			buildConfigurationList = FE163E3A24FF9EF7006D3D73 /* Build configuration list for PBXProject "CoronaGraph" */;
			compatibilityVersion = "Xcode 9.3";
			developmentRegion = en;
			hasScannedForEncodings = 0;
			knownRegions = (
				en,
				Base,
			);
			mainGroup = FE163E3624FF9EF7006D3D73;
			productRefGroup = FE163E4024FF9EF7006D3D73 /* Products */;
			projectDirPath = "";
			projectRoot = "";
			targets = (
				FE163E3E24FF9EF7006D3D73 /* CoronaGraph */,
				FE163E5424FF9EF8006D3D73 /* CoronaGraphTests */,
				FE163E5F24FF9EF8006D3D73 /* CoronaGraphUITests */,
			);
		};
/* End PBXProject section */

/* Begin PBXResourcesBuildPhase section */
		FE163E3D24FF9EF7006D3D73 /* Resources */ = {
			isa = PBXResourcesBuildPhase;
			buildActionMask = 2147483647;
			files = (
				FE163E4F24FF9EF8006D3D73 /* LaunchScreen.storyboard in Resources */,
				FE163E4C24FF9EF8006D3D73 /* Assets.xcassets in Resources */,
				FE163E4A24FF9EF7006D3D73 /* Main.storyboard in Resources */,
			);
			runOnlyForDeploymentPostprocessing = 0;
		};
		FE163E5324FF9EF8006D3D73 /* Resources */ = {
			isa = PBXResourcesBuildPhase;
			buildActionMask = 2147483647;
			files = (
			);
			runOnlyForDeploymentPostprocessing = 0;
		};
		FE163E5E24FF9EF8006D3D73 /* Resources */ = {
			isa = PBXResourcesBuildPhase;
			buildActionMask = 2147483647;
			files = (
			);
			runOnlyForDeploymentPostprocessing = 0;
		};
/* End PBXResourcesBuildPhase section */

/* Begin PBXShellScriptBuildPhase section */
		36A281F208342A4130E1837E /* [CP] Embed Pods Frameworks */ = {
			isa = PBXShellScriptBuildPhase;
			buildActionMask = 2147483647;
			files = (
			);
			inputFileListPaths = (
				"${PODS_ROOT}/Target Support Files/Pods-CoronaGraph/Pods-CoronaGraph-frameworks-${CONFIGURATION}-input-files.xcfilelist",
			);
			name = "[CP] Embed Pods Frameworks";
			outputFileListPaths = (
				"${PODS_ROOT}/Target Support Files/Pods-CoronaGraph/Pods-CoronaGraph-frameworks-${CONFIGURATION}-output-files.xcfilelist",
			);
			runOnlyForDeploymentPostprocessing = 0;
			shellPath = /bin/sh;
			shellScript = "\"${PODS_ROOT}/Target Support Files/Pods-CoronaGraph/Pods-CoronaGraph-frameworks.sh\"\n";
			showEnvVarsInLog = 0;
		};
		8261A1B0A2FF8B2AD00172E9 /* [CP] Check Pods Manifest.lock */ = {
			isa = PBXShellScriptBuildPhase;
			buildActionMask = 2147483647;
			files = (
			);
			inputFileListPaths = (
			);
			inputPaths = (
				"${PODS_PODFILE_DIR_PATH}/Podfile.lock",
				"${PODS_ROOT}/Manifest.lock",
			);
			name = "[CP] Check Pods Manifest.lock";
			outputFileListPaths = (
			);
			outputPaths = (
				"$(DERIVED_FILE_DIR)/Pods-CoronaGraph-CoronaGraphUITests-checkManifestLockResult.txt",
			);
			runOnlyForDeploymentPostprocessing = 0;
			shellPath = /bin/sh;
			shellScript = "diff \"${PODS_PODFILE_DIR_PATH}/Podfile.lock\" \"${PODS_ROOT}/Manifest.lock\" > /dev/null\nif [ $? != 0 ] ; then\n    # print error to STDERR\n    echo \"error: The sandbox is not in sync with the Podfile.lock. Run 'pod install' or update your CocoaPods installation.\" >&2\n    exit 1\nfi\n# This output is used by Xcode 'outputs' to avoid re-running this script phase.\necho \"SUCCESS\" > \"${SCRIPT_OUTPUT_FILE_0}\"\n";
			showEnvVarsInLog = 0;
		};
		868C4511D9F02782508F8E4C /* [CP] Embed Pods Frameworks */ = {
			isa = PBXShellScriptBuildPhase;
			buildActionMask = 2147483647;
			files = (
			);
			inputFileListPaths = (
				"${PODS_ROOT}/Target Support Files/Pods-CoronaGraph-CoronaGraphUITests/Pods-CoronaGraph-CoronaGraphUITests-frameworks-${CONFIGURATION}-input-files.xcfilelist",
			);
			name = "[CP] Embed Pods Frameworks";
			outputFileListPaths = (
				"${PODS_ROOT}/Target Support Files/Pods-CoronaGraph-CoronaGraphUITests/Pods-CoronaGraph-CoronaGraphUITests-frameworks-${CONFIGURATION}-output-files.xcfilelist",
			);
			runOnlyForDeploymentPostprocessing = 0;
			shellPath = /bin/sh;
			shellScript = "\"${PODS_ROOT}/Target Support Files/Pods-CoronaGraph-CoronaGraphUITests/Pods-CoronaGraph-CoronaGraphUITests-frameworks.sh\"\n";
			showEnvVarsInLog = 0;
		};
		A758BD3434B5274E02943B9F /* [CP] Check Pods Manifest.lock */ = {
			isa = PBXShellScriptBuildPhase;
			buildActionMask = 2147483647;
			files = (
			);
			inputFileListPaths = (
			);
			inputPaths = (
				"${PODS_PODFILE_DIR_PATH}/Podfile.lock",
				"${PODS_ROOT}/Manifest.lock",
			);
			name = "[CP] Check Pods Manifest.lock";
			outputFileListPaths = (
			);
			outputPaths = (
				"$(DERIVED_FILE_DIR)/Pods-CoronaGraphTests-checkManifestLockResult.txt",
			);
			runOnlyForDeploymentPostprocessing = 0;
			shellPath = /bin/sh;
			shellScript = "diff \"${PODS_PODFILE_DIR_PATH}/Podfile.lock\" \"${PODS_ROOT}/Manifest.lock\" > /dev/null\nif [ $? != 0 ] ; then\n    # print error to STDERR\n    echo \"error: The sandbox is not in sync with the Podfile.lock. Run 'pod install' or update your CocoaPods installation.\" >&2\n    exit 1\nfi\n# This output is used by Xcode 'outputs' to avoid re-running this script phase.\necho \"SUCCESS\" > \"${SCRIPT_OUTPUT_FILE_0}\"\n";
			showEnvVarsInLog = 0;
		};
		C5E43C7963DB0EC350F3BEED /* [CP] Check Pods Manifest.lock */ = {
			isa = PBXShellScriptBuildPhase;
			buildActionMask = 2147483647;
			files = (
			);
			inputFileListPaths = (
			);
			inputPaths = (
				"${PODS_PODFILE_DIR_PATH}/Podfile.lock",
				"${PODS_ROOT}/Manifest.lock",
			);
			name = "[CP] Check Pods Manifest.lock";
			outputFileListPaths = (
			);
			outputPaths = (
				"$(DERIVED_FILE_DIR)/Pods-CoronaGraph-checkManifestLockResult.txt",
			);
			runOnlyForDeploymentPostprocessing = 0;
			shellPath = /bin/sh;
			shellScript = "diff \"${PODS_PODFILE_DIR_PATH}/Podfile.lock\" \"${PODS_ROOT}/Manifest.lock\" > /dev/null\nif [ $? != 0 ] ; then\n    # print error to STDERR\n    echo \"error: The sandbox is not in sync with the Podfile.lock. Run 'pod install' or update your CocoaPods installation.\" >&2\n    exit 1\nfi\n# This output is used by Xcode 'outputs' to avoid re-running this script phase.\necho \"SUCCESS\" > \"${SCRIPT_OUTPUT_FILE_0}\"\n";
			showEnvVarsInLog = 0;
		};
/* End PBXShellScriptBuildPhase section */

/* Begin PBXSourcesBuildPhase section */
		FE163E3B24FF9EF7006D3D73 /* Sources */ = {
			isa = PBXSourcesBuildPhase;
			buildActionMask = 2147483647;
			files = (
				FE163E4724FF9EF7006D3D73 /* ViewController.swift in Sources */,
				FE163E4324FF9EF7006D3D73 /* AppDelegate.swift in Sources */,
				FE163E4524FF9EF7006D3D73 /* SceneDelegate.swift in Sources */,
				FE163E7324FFA6F6006D3D73 /* CoronaData.swift in Sources */,
			);
			runOnlyForDeploymentPostprocessing = 0;
		};
		FE163E5124FF9EF8006D3D73 /* Sources */ = {
			isa = PBXSourcesBuildPhase;
			buildActionMask = 2147483647;
			files = (
				FE163E5A24FF9EF8006D3D73 /* CoronaGraphTests.swift in Sources */,
			);
			runOnlyForDeploymentPostprocessing = 0;
		};
		FE163E5C24FF9EF8006D3D73 /* Sources */ = {
			isa = PBXSourcesBuildPhase;
			buildActionMask = 2147483647;
			files = (
				FE163E6524FF9EF8006D3D73 /* CoronaGraphUITests.swift in Sources */,
			);
			runOnlyForDeploymentPostprocessing = 0;
		};
/* End PBXSourcesBuildPhase section */

/* Begin PBXTargetDependency section */
		FE163E5724FF9EF8006D3D73 /* PBXTargetDependency */ = {
			isa = PBXTargetDependency;
			target = FE163E3E24FF9EF7006D3D73 /* CoronaGraph */;
			targetProxy = FE163E5624FF9EF8006D3D73 /* PBXContainerItemProxy */;
		};
		FE163E6224FF9EF8006D3D73 /* PBXTargetDependency */ = {
			isa = PBXTargetDependency;
			target = FE163E3E24FF9EF7006D3D73 /* CoronaGraph */;
			targetProxy = FE163E6124FF9EF8006D3D73 /* PBXContainerItemProxy */;
		};
/* End PBXTargetDependency section */

/* Begin PBXVariantGroup section */
		FE163E4824FF9EF7006D3D73 /* Main.storyboard */ = {
			isa = PBXVariantGroup;
			children = (
				FE163E4924FF9EF7006D3D73 /* Base */,
			);
			name = Main.storyboard;
			sourceTree = "<group>";
		};
		FE163E4D24FF9EF8006D3D73 /* LaunchScreen.storyboard */ = {
			isa = PBXVariantGroup;
			children = (
				FE163E4E24FF9EF8006D3D73 /* Base */,
			);
			name = LaunchScreen.storyboard;
			sourceTree = "<group>";
		};
/* End PBXVariantGroup section */

/* Begin XCBuildConfiguration section */
		FE163E6724FF9EF8006D3D73 /* Debug */ = {
			isa = XCBuildConfiguration;
			buildSettings = {
				ALWAYS_SEARCH_USER_PATHS = NO;
				CLANG_ANALYZER_NONNULL = YES;
				CLANG_ANALYZER_NUMBER_OBJECT_CONVERSION = YES_AGGRESSIVE;
				CLANG_CXX_LANGUAGE_STANDARD = "gnu++14";
				CLANG_CXX_LIBRARY = "libc++";
				CLANG_ENABLE_MODULES = YES;
				CLANG_ENABLE_OBJC_ARC = YES;
				CLANG_ENABLE_OBJC_WEAK = YES;
				CLANG_WARN_BLOCK_CAPTURE_AUTORELEASING = YES;
				CLANG_WARN_BOOL_CONVERSION = YES;
				CLANG_WARN_COMMA = YES;
				CLANG_WARN_CONSTANT_CONVERSION = YES;
				CLANG_WARN_DEPRECATED_OBJC_IMPLEMENTATIONS = YES;
				CLANG_WARN_DIRECT_OBJC_ISA_USAGE = YES_ERROR;
				CLANG_WARN_DOCUMENTATION_COMMENTS = YES;
				CLANG_WARN_EMPTY_BODY = YES;
				CLANG_WARN_ENUM_CONVERSION = YES;
				CLANG_WARN_INFINITE_RECURSION = YES;
				CLANG_WARN_INT_CONVERSION = YES;
				CLANG_WARN_NON_LITERAL_NULL_CONVERSION = YES;
				CLANG_WARN_OBJC_IMPLICIT_RETAIN_SELF = YES;
				CLANG_WARN_OBJC_LITERAL_CONVERSION = YES;
				CLANG_WARN_OBJC_ROOT_CLASS = YES_ERROR;
				CLANG_WARN_RANGE_LOOP_ANALYSIS = YES;
				CLANG_WARN_STRICT_PROTOTYPES = YES;
				CLANG_WARN_SUSPICIOUS_MOVE = YES;
				CLANG_WARN_UNGUARDED_AVAILABILITY = YES_AGGRESSIVE;
				CLANG_WARN_UNREACHABLE_CODE = YES;
				CLANG_WARN__DUPLICATE_METHOD_MATCH = YES;
				COPY_PHASE_STRIP = NO;
				DEBUG_INFORMATION_FORMAT = dwarf;
				ENABLE_STRICT_OBJC_MSGSEND = YES;
				ENABLE_TESTABILITY = YES;
				GCC_C_LANGUAGE_STANDARD = gnu11;
				GCC_DYNAMIC_NO_PIC = NO;
				GCC_NO_COMMON_BLOCKS = YES;
				GCC_OPTIMIZATION_LEVEL = 0;
				GCC_PREPROCESSOR_DEFINITIONS = (
					"DEBUG=1",
					"$(inherited)",
				);
				GCC_WARN_64_TO_32_BIT_CONVERSION = YES;
				GCC_WARN_ABOUT_RETURN_TYPE = YES_ERROR;
				GCC_WARN_UNDECLARED_SELECTOR = YES;
				GCC_WARN_UNINITIALIZED_AUTOS = YES_AGGRESSIVE;
				GCC_WARN_UNUSED_FUNCTION = YES;
				GCC_WARN_UNUSED_VARIABLE = YES;
				IPHONEOS_DEPLOYMENT_TARGET = 13.1;
				MTL_ENABLE_DEBUG_INFO = INCLUDE_SOURCE;
				MTL_FAST_MATH = YES;
				ONLY_ACTIVE_ARCH = YES;
				SDKROOT = iphoneos;
				SWIFT_ACTIVE_COMPILATION_CONDITIONS = DEBUG;
				SWIFT_OPTIMIZATION_LEVEL = "-Onone";
			};
			name = Debug;
		};
		FE163E6824FF9EF8006D3D73 /* Release */ = {
			isa = XCBuildConfiguration;
			buildSettings = {
				ALWAYS_SEARCH_USER_PATHS = NO;
				CLANG_ANALYZER_NONNULL = YES;
				CLANG_ANALYZER_NUMBER_OBJECT_CONVERSION = YES_AGGRESSIVE;
				CLANG_CXX_LANGUAGE_STANDARD = "gnu++14";
				CLANG_CXX_LIBRARY = "libc++";
				CLANG_ENABLE_MODULES = YES;
				CLANG_ENABLE_OBJC_ARC = YES;
				CLANG_ENABLE_OBJC_WEAK = YES;
				CLANG_WARN_BLOCK_CAPTURE_AUTORELEASING = YES;
				CLANG_WARN_BOOL_CONVERSION = YES;
				CLANG_WARN_COMMA = YES;
				CLANG_WARN_CONSTANT_CONVERSION = YES;
				CLANG_WARN_DEPRECATED_OBJC_IMPLEMENTATIONS = YES;
				CLANG_WARN_DIRECT_OBJC_ISA_USAGE = YES_ERROR;
				CLANG_WARN_DOCUMENTATION_COMMENTS = YES;
				CLANG_WARN_EMPTY_BODY = YES;
				CLANG_WARN_ENUM_CONVERSION = YES;
				CLANG_WARN_INFINITE_RECURSION = YES;
				CLANG_WARN_INT_CONVERSION = YES;
				CLANG_WARN_NON_LITERAL_NULL_CONVERSION = YES;
				CLANG_WARN_OBJC_IMPLICIT_RETAIN_SELF = YES;
				CLANG_WARN_OBJC_LITERAL_CONVERSION = YES;
				CLANG_WARN_OBJC_ROOT_CLASS = YES_ERROR;
				CLANG_WARN_RANGE_LOOP_ANALYSIS = YES;
				CLANG_WARN_STRICT_PROTOTYPES = YES;
				CLANG_WARN_SUSPICIOUS_MOVE = YES;
				CLANG_WARN_UNGUARDED_AVAILABILITY = YES_AGGRESSIVE;
				CLANG_WARN_UNREACHABLE_CODE = YES;
				CLANG_WARN__DUPLICATE_METHOD_MATCH = YES;
				COPY_PHASE_STRIP = NO;
				DEBUG_INFORMATION_FORMAT = "dwarf-with-dsym";
				ENABLE_NS_ASSERTIONS = NO;
				ENABLE_STRICT_OBJC_MSGSEND = YES;
				GCC_C_LANGUAGE_STANDARD = gnu11;
				GCC_NO_COMMON_BLOCKS = YES;
				GCC_WARN_64_TO_32_BIT_CONVERSION = YES;
				GCC_WARN_ABOUT_RETURN_TYPE = YES_ERROR;
				GCC_WARN_UNDECLARED_SELECTOR = YES;
				GCC_WARN_UNINITIALIZED_AUTOS = YES_AGGRESSIVE;
				GCC_WARN_UNUSED_FUNCTION = YES;
				GCC_WARN_UNUSED_VARIABLE = YES;
				IPHONEOS_DEPLOYMENT_TARGET = 13.1;
				MTL_ENABLE_DEBUG_INFO = NO;
				MTL_FAST_MATH = YES;
				SDKROOT = iphoneos;
				SWIFT_COMPILATION_MODE = wholemodule;
				SWIFT_OPTIMIZATION_LEVEL = "-O";
				VALIDATE_PRODUCT = YES;
			};
			name = Release;
		};
		FE163E6A24FF9EF8006D3D73 /* Debug */ = {
			isa = XCBuildConfiguration;
			baseConfigurationReference = C622CEA08FA6C20C444DD2E5 /* Pods-CoronaGraph.debug.xcconfig */;
			buildSettings = {
				ASSETCATALOG_COMPILER_APPICON_NAME = AppIcon;
				CODE_SIGN_STYLE = Automatic;
				INFOPLIST_FILE = CoronaGraph/Info.plist;
				LD_RUNPATH_SEARCH_PATHS = (
					"$(inherited)",
					"@executable_path/Frameworks",
				);
				PRODUCT_BUNDLE_IDENTIFIER = es.CoronaGraph;
				PRODUCT_NAME = "$(TARGET_NAME)";
				SWIFT_VERSION = 5.0;
				TARGETED_DEVICE_FAMILY = "1,2";
			};
			name = Debug;
		};
		FE163E6B24FF9EF8006D3D73 /* Release */ = {
			isa = XCBuildConfiguration;
			baseConfigurationReference = D728AE24418CDE4015333B04 /* Pods-CoronaGraph.release.xcconfig */;
			buildSettings = {
				ASSETCATALOG_COMPILER_APPICON_NAME = AppIcon;
				CODE_SIGN_STYLE = Automatic;
				INFOPLIST_FILE = CoronaGraph/Info.plist;
				LD_RUNPATH_SEARCH_PATHS = (
					"$(inherited)",
					"@executable_path/Frameworks",
				);
				PRODUCT_BUNDLE_IDENTIFIER = es.CoronaGraph;
				PRODUCT_NAME = "$(TARGET_NAME)";
				SWIFT_VERSION = 5.0;
				TARGETED_DEVICE_FAMILY = "1,2";
			};
			name = Release;
		};
		FE163E6D24FF9EF8006D3D73 /* Debug */ = {
			isa = XCBuildConfiguration;
			baseConfigurationReference = A81C18EE0748B71C9A0052E6 /* Pods-CoronaGraphTests.debug.xcconfig */;
			buildSettings = {
				ALWAYS_EMBED_SWIFT_STANDARD_LIBRARIES = YES;
				BUNDLE_LOADER = "$(TEST_HOST)";
				CODE_SIGN_STYLE = Automatic;
				INFOPLIST_FILE = CoronaGraphTests/Info.plist;
				IPHONEOS_DEPLOYMENT_TARGET = 13.1;
				LD_RUNPATH_SEARCH_PATHS = (
					"$(inherited)",
					"@executable_path/Frameworks",
					"@loader_path/Frameworks",
				);
				PRODUCT_BUNDLE_IDENTIFIER = es.CoronaGraphTests;
				PRODUCT_NAME = "$(TARGET_NAME)";
				SWIFT_VERSION = 5.0;
				TARGETED_DEVICE_FAMILY = "1,2";
				TEST_HOST = "$(BUILT_PRODUCTS_DIR)/CoronaGraph.app/CoronaGraph";
			};
			name = Debug;
		};
		FE163E6E24FF9EF8006D3D73 /* Release */ = {
			isa = XCBuildConfiguration;
			baseConfigurationReference = F962AB2423C1232346CCC1DB /* Pods-CoronaGraphTests.release.xcconfig */;
			buildSettings = {
				ALWAYS_EMBED_SWIFT_STANDARD_LIBRARIES = YES;
				BUNDLE_LOADER = "$(TEST_HOST)";
				CODE_SIGN_STYLE = Automatic;
				INFOPLIST_FILE = CoronaGraphTests/Info.plist;
				IPHONEOS_DEPLOYMENT_TARGET = 13.1;
				LD_RUNPATH_SEARCH_PATHS = (
					"$(inherited)",
					"@executable_path/Frameworks",
					"@loader_path/Frameworks",
				);
				PRODUCT_BUNDLE_IDENTIFIER = es.CoronaGraphTests;
				PRODUCT_NAME = "$(TARGET_NAME)";
				SWIFT_VERSION = 5.0;
				TARGETED_DEVICE_FAMILY = "1,2";
				TEST_HOST = "$(BUILT_PRODUCTS_DIR)/CoronaGraph.app/CoronaGraph";
			};
			name = Release;
		};
		FE163E7024FF9EF8006D3D73 /* Debug */ = {
			isa = XCBuildConfiguration;
			baseConfigurationReference = 3AB66FF392D03E0D95D6B129 /* Pods-CoronaGraph-CoronaGraphUITests.debug.xcconfig */;
			buildSettings = {
				ALWAYS_EMBED_SWIFT_STANDARD_LIBRARIES = YES;
				CODE_SIGN_STYLE = Automatic;
				INFOPLIST_FILE = CoronaGraphUITests/Info.plist;
				LD_RUNPATH_SEARCH_PATHS = (
					"$(inherited)",
					"@executable_path/Frameworks",
					"@loader_path/Frameworks",
				);
				PRODUCT_BUNDLE_IDENTIFIER = es.CoronaGraphUITests;
				PRODUCT_NAME = "$(TARGET_NAME)";
				SWIFT_VERSION = 5.0;
				TARGETED_DEVICE_FAMILY = "1,2";
				TEST_TARGET_NAME = CoronaGraph;
			};
			name = Debug;
		};
		FE163E7124FF9EF8006D3D73 /* Release */ = {
			isa = XCBuildConfiguration;
			baseConfigurationReference = 34401C80866AB494779B11E1 /* Pods-CoronaGraph-CoronaGraphUITests.release.xcconfig */;
			buildSettings = {
				ALWAYS_EMBED_SWIFT_STANDARD_LIBRARIES = YES;
				CODE_SIGN_STYLE = Automatic;
				INFOPLIST_FILE = CoronaGraphUITests/Info.plist;
				LD_RUNPATH_SEARCH_PATHS = (
					"$(inherited)",
					"@executable_path/Frameworks",
					"@loader_path/Frameworks",
				);
				PRODUCT_BUNDLE_IDENTIFIER = es.CoronaGraphUITests;
				PRODUCT_NAME = "$(TARGET_NAME)";
				SWIFT_VERSION = 5.0;
				TARGETED_DEVICE_FAMILY = "1,2";
				TEST_TARGET_NAME = CoronaGraph;
			};
			name = Release;
		};
/* End XCBuildConfiguration section */

/* Begin XCConfigurationList section */
		FE163E3A24FF9EF7006D3D73 /* Build configuration list for PBXProject "CoronaGraph" */ = {
			isa = XCConfigurationList;
			buildConfigurations = (
				FE163E6724FF9EF8006D3D73 /* Debug */,
				FE163E6824FF9EF8006D3D73 /* Release */,
			);
			defaultConfigurationIsVisible = 0;
			defaultConfigurationName = Release;
		};
		FE163E6924FF9EF8006D3D73 /* Build configuration list for PBXNativeTarget "CoronaGraph" */ = {
			isa = XCConfigurationList;
			buildConfigurations = (
				FE163E6A24FF9EF8006D3D73 /* Debug */,
				FE163E6B24FF9EF8006D3D73 /* Release */,
			);
			defaultConfigurationIsVisible = 0;
			defaultConfigurationName = Release;
		};
		FE163E6C24FF9EF8006D3D73 /* Build configuration list for PBXNativeTarget "CoronaGraphTests" */ = {
			isa = XCConfigurationList;
			buildConfigurations = (
				FE163E6D24FF9EF8006D3D73 /* Debug */,
				FE163E6E24FF9EF8006D3D73 /* Release */,
			);
			defaultConfigurationIsVisible = 0;
			defaultConfigurationName = Release;
		};
		FE163E6F24FF9EF8006D3D73 /* Build configuration list for PBXNativeTarget "CoronaGraphUITests" */ = {
			isa = XCConfigurationList;
			buildConfigurations = (
				FE163E7024FF9EF8006D3D73 /* Debug */,
				FE163E7124FF9EF8006D3D73 /* Release */,
			);
			defaultConfigurationIsVisible = 0;
			defaultConfigurationName = Release;
		};
/* End XCConfigurationList section */
	};
	rootObject = FE163E3724FF9EF7006D3D73 /* Project object */;
}
